
Microsoft Visual Studio Solution File, Format Version 12.00
Project("{2150E333-8FDC-42A3-9474-1A3956D46DE8}") = "src", "src", "{B58C0313-58C3-4D88-AEE3-E86138E87D3A}"
EndProject
Project("{2150E333-8FDC-42A3-9474-1A3956D46DE8}") = "test", "test", "{3FD22B1F-5DC7-41B6-B8FC-D21CEEE0DFBF}"
EndProject
Project("{FAE04EC0-301F-11D3-BF4B-00C04F79EFBC}") = "SourceName.Api", "src\SourceName.Api\SourceName.Api.csproj", "{C723F598-B4C3-4012-81D0-A6D99615CF80}"
EndProject
Project("{FAE04EC0-301F-11D3-BF4B-00C04F79EFBC}") = "SourceName.Domain", "src\SourceName.Domain\SourceName.Domain.csproj", "{1D8CECFB-7221-44E8-9123-125D26EF35D2}"
EndProject
Project("{FAE04EC0-301F-11D3-BF4B-00C04F79EFBC}") = "SourceName.Infrastructure", "src\SourceName.Infrastructure\SourceName.Infrastructure.csproj", "{3C6EE831-D01C-44C4-8F49-D18F118EC354}"
EndProject
Project("{FAE04EC0-301F-11D3-BF4B-00C04F79EFBC}") = "SourceName.Api.Unit.Test", "test\SourceName.Api.Unit.Test\SourceName.Api.Unit.Test.csproj", "{24EBAE26-6CCB-42AE-B9BE-70FD52F3EF61}"
EndProject
Project("{FAE04EC0-301F-11D3-BF4B-00C04F79EFBC}") = "SourceName.Application.Unit.Test", "test\SourceName.Application.Unit.Test\SourceName.Application.Unit.Test.csproj", "{40D0B0AB-B44F-411B-987D-6F05CE9CC98D}"
EndProject
Project("{FAE04EC0-301F-11D3-BF4B-00C04F79EFBC}") = "SourceName.Domain.Unit.Test", "test\SourceName.Domain.Unit.Test\SourceName.Domain.Unit.Test.csproj", "{86CFD947-5833-48F2-B45C-5CB1836AAC99}"
EndProject
Project("{FAE04EC0-301F-11D3-BF4B-00C04F79EFBC}") = "SourceName.Infrastructure.Unit.Test", "test\SourceName.Infrastructure.Unit.Test\SourceName.Infrastructure.Unit.Test.csproj", "{0D9465B8-1344-4FBC-845A-52D8BAAA88A9}"
EndProject
Project("{FAE04EC0-301F-11D3-BF4B-00C04F79EFBC}") = "SourceName.Application", "src\SourceName.Application\SourceName.Application.csproj", "{63B5C9FF-B064-4696-9F6C-8D8F352C8A50}"
EndProject
Project("{FAE04EC0-301F-11D3-BF4B-00C04F79EFBC}") = "SourceName.SharedKernel", "src\SourceName.SharedKernel\SourceName.SharedKernel.csproj", "{043BC1FB-C192-4FBA-876D-2D6C00716C71}"
EndProject
Project("{2150E333-8FDC-42A3-9474-1A3956D46DE8}") = "Unit", "Unit", "{8A3DFD8A-43A8-44B9-B5E4-4083D6033E0E}"
EndProject
Project("{2150E333-8FDC-42A3-9474-1A3956D46DE8}") = "Integration", "Integration", "{F2C50059-7BC4-4834-B13D-4C224CE2F381}"
EndProject
Project("{FAE04EC0-301F-11D3-BF4B-00C04F79EFBC}") = "SourceName.Integration.Test", "test\SourceName.Integration.Test\SourceName.Integration.Test.csproj", "{7EC176F9-8AC4-44DB-A672-08547276E31B}"
EndProject
Global
	GlobalSection(SolutionConfigurationPlatforms) = preSolution
		Debug|Any CPU = Debug|Any CPU
		Release|Any CPU = Release|Any CPU
	EndGlobalSection
	GlobalSection(NestedProjects) = preSolution
		{C723F598-B4C3-4012-81D0-A6D99615CF80} = {B58C0313-58C3-4D88-AEE3-E86138E87D3A}
		{1D8CECFB-7221-44E8-9123-125D26EF35D2} = {B58C0313-58C3-4D88-AEE3-E86138E87D3A}
		{3C6EE831-D01C-44C4-8F49-D18F118EC354} = {B58C0313-58C3-4D88-AEE3-E86138E87D3A}
		{63B5C9FF-B064-4696-9F6C-8D8F352C8A50} = {B58C0313-58C3-4D88-AEE3-E86138E87D3A}
		{043BC1FB-C192-4FBA-876D-2D6C00716C71} = {B58C0313-58C3-4D88-AEE3-E86138E87D3A}
		{8A3DFD8A-43A8-44B9-B5E4-4083D6033E0E} = {3FD22B1F-5DC7-41B6-B8FC-D21CEEE0DFBF}
		{40D0B0AB-B44F-411B-987D-6F05CE9CC98D} = {8A3DFD8A-43A8-44B9-B5E4-4083D6033E0E}
		{86CFD947-5833-48F2-B45C-5CB1836AAC99} = {8A3DFD8A-43A8-44B9-B5E4-4083D6033E0E}
		{0D9465B8-1344-4FBC-845A-52D8BAAA88A9} = {8A3DFD8A-43A8-44B9-B5E4-4083D6033E0E}
		{F2C50059-7BC4-4834-B13D-4C224CE2F381} = {3FD22B1F-5DC7-41B6-B8FC-D21CEEE0DFBF}
		{24EBAE26-6CCB-42AE-B9BE-70FD52F3EF61} = {8A3DFD8A-43A8-44B9-B5E4-4083D6033E0E}
		{7EC176F9-8AC4-44DB-A672-08547276E31B} = {F2C50059-7BC4-4834-B13D-4C224CE2F381}
	EndGlobalSection
	GlobalSection(ProjectConfigurationPlatforms) = postSolution
		{C723F598-B4C3-4012-81D0-A6D99615CF80}.Debug|Any CPU.ActiveCfg = Debug|Any CPU
		{C723F598-B4C3-4012-81D0-A6D99615CF80}.Debug|Any CPU.Build.0 = Debug|Any CPU
		{C723F598-B4C3-4012-81D0-A6D99615CF80}.Release|Any CPU.ActiveCfg = Release|Any CPU
		{C723F598-B4C3-4012-81D0-A6D99615CF80}.Release|Any CPU.Build.0 = Release|Any CPU
		{1D8CECFB-7221-44E8-9123-125D26EF35D2}.Debug|Any CPU.ActiveCfg = Debug|Any CPU
		{1D8CECFB-7221-44E8-9123-125D26EF35D2}.Debug|Any CPU.Build.0 = Debug|Any CPU
		{1D8CECFB-7221-44E8-9123-125D26EF35D2}.Release|Any CPU.ActiveCfg = Release|Any CPU
		{1D8CECFB-7221-44E8-9123-125D26EF35D2}.Release|Any CPU.Build.0 = Release|Any CPU
		{3C6EE831-D01C-44C4-8F49-D18F118EC354}.Debug|Any CPU.ActiveCfg = Debug|Any CPU
		{3C6EE831-D01C-44C4-8F49-D18F118EC354}.Debug|Any CPU.Build.0 = Debug|Any CPU
		{3C6EE831-D01C-44C4-8F49-D18F118EC354}.Release|Any CPU.ActiveCfg = Release|Any CPU
		{3C6EE831-D01C-44C4-8F49-D18F118EC354}.Release|Any CPU.Build.0 = Release|Any CPU
		{24EBAE26-6CCB-42AE-B9BE-70FD52F3EF61}.Debug|Any CPU.ActiveCfg = Debug|Any CPU
		{24EBAE26-6CCB-42AE-B9BE-70FD52F3EF61}.Debug|Any CPU.Build.0 = Debug|Any CPU
		{24EBAE26-6CCB-42AE-B9BE-70FD52F3EF61}.Release|Any CPU.ActiveCfg = Release|Any CPU
		{24EBAE26-6CCB-42AE-B9BE-70FD52F3EF61}.Release|Any CPU.Build.0 = Release|Any CPU
		{40D0B0AB-B44F-411B-987D-6F05CE9CC98D}.Debug|Any CPU.ActiveCfg = Debug|Any CPU
		{40D0B0AB-B44F-411B-987D-6F05CE9CC98D}.Debug|Any CPU.Build.0 = Debug|Any CPU
		{40D0B0AB-B44F-411B-987D-6F05CE9CC98D}.Release|Any CPU.ActiveCfg = Release|Any CPU
		{40D0B0AB-B44F-411B-987D-6F05CE9CC98D}.Release|Any CPU.Build.0 = Release|Any CPU
		{86CFD947-5833-48F2-B45C-5CB1836AAC99}.Debug|Any CPU.ActiveCfg = Debug|Any CPU
		{86CFD947-5833-48F2-B45C-5CB1836AAC99}.Debug|Any CPU.Build.0 = Debug|Any CPU
		{86CFD947-5833-48F2-B45C-5CB1836AAC99}.Release|Any CPU.ActiveCfg = Release|Any CPU
		{86CFD947-5833-48F2-B45C-5CB1836AAC99}.Release|Any CPU.Build.0 = Release|Any CPU
		{0D9465B8-1344-4FBC-845A-52D8BAAA88A9}.Debug|Any CPU.ActiveCfg = Debug|Any CPU
		{0D9465B8-1344-4FBC-845A-52D8BAAA88A9}.Debug|Any CPU.Build.0 = Debug|Any CPU
		{0D9465B8-1344-4FBC-845A-52D8BAAA88A9}.Release|Any CPU.ActiveCfg = Release|Any CPU
		{0D9465B8-1344-4FBC-845A-52D8BAAA88A9}.Release|Any CPU.Build.0 = Release|Any CPU
		{63B5C9FF-B064-4696-9F6C-8D8F352C8A50}.Debug|Any CPU.ActiveCfg = Debug|Any CPU
		{63B5C9FF-B064-4696-9F6C-8D8F352C8A50}.Debug|Any CPU.Build.0 = Debug|Any CPU
		{63B5C9FF-B064-4696-9F6C-8D8F352C8A50}.Release|Any CPU.ActiveCfg = Release|Any CPU
		{63B5C9FF-B064-4696-9F6C-8D8F352C8A50}.Release|Any CPU.Build.0 = Release|Any CPU
		{043BC1FB-C192-4FBA-876D-2D6C00716C71}.Debug|Any CPU.ActiveCfg = Debug|Any CPU
		{043BC1FB-C192-4FBA-876D-2D6C00716C71}.Debug|Any CPU.Build.0 = Debug|Any CPU
		{043BC1FB-C192-4FBA-876D-2D6C00716C71}.Release|Any CPU.ActiveCfg = Release|Any CPU
		{043BC1FB-C192-4FBA-876D-2D6C00716C71}.Release|Any CPU.Build.0 = Release|Any CPU
		{7EC176F9-8AC4-44DB-A672-08547276E31B}.Debug|Any CPU.ActiveCfg = Debug|Any CPU
		{7EC176F9-8AC4-44DB-A672-08547276E31B}.Debug|Any CPU.Build.0 = Debug|Any CPU
		{7EC176F9-8AC4-44DB-A672-08547276E31B}.Release|Any CPU.ActiveCfg = Release|Any CPU
		{7EC176F9-8AC4-44DB-A672-08547276E31B}.Release|Any CPU.Build.0 = Release|Any CPU
	EndGlobalSection
EndGlobal
